// !$*UTF8*$!
{
	archiveVersion = 1;
	classes = {
	};
	objectVersion = 46;
	objects = {

/* Begin PBXBuildFile section */
		A6618F7A1C454A0800A4CD48 /* EditContactViewController.m in Sources */ = {isa = PBXBuildFile; fileRef = A6618F791C454A0800A4CD48 /* EditContactViewController.m */; };
		A6A9FE091C429E8500D1710C /* main.m in Sources */ = {isa = PBXBuildFile; fileRef = A6A9FE081C429E8500D1710C /* main.m */; };
		A6A9FE0C1C429E8500D1710C /* AppDelegate.m in Sources */ = {isa = PBXBuildFile; fileRef = A6A9FE0B1C429E8500D1710C /* AppDelegate.m */; };
		A6A9FE0F1C429E8500D1710C /* ViewController.m in Sources */ = {isa = PBXBuildFile; fileRef = A6A9FE0E1C429E8500D1710C /* ViewController.m */; };
		A6A9FE121C429E8500D1710C /* Main.storyboard in Resources */ = {isa = PBXBuildFile; fileRef = A6A9FE101C429E8500D1710C /* Main.storyboard */; };
		A6A9FE141C429E8500D1710C /* Assets.xcassets in Resources */ = {isa = PBXBuildFile; fileRef = A6A9FE131C429E8500D1710C /* Assets.xcassets */; };
		A6A9FE171C429E8500D1710C /* LaunchScreen.storyboard in Resources */ = {isa = PBXBuildFile; fileRef = A6A9FE151C429E8500D1710C /* LaunchScreen.storyboard */; };
		A6A9FE241C42A7C800D1710C /* ContactTableViewController.m in Sources */ = {isa = PBXBuildFile; fileRef = A6A9FE231C42A7C800D1710C /* ContactTableViewController.m */; };
		A6C09CDF1C43F31400ACA748 /* ContactMode.m in Sources */ = {isa = PBXBuildFile; fileRef = A6C09CDE1C43F31400ACA748 /* ContactMode.m */; };
		A6C09CE21C43F59A00ACA748 /* AddContactViewController.m in Sources */ = {isa = PBXBuildFile; fileRef = A6C09CE11C43F59A00ACA748 /* AddContactViewController.m */; };
/* End PBXBuildFile section */

/* Begin PBXFileReference section */
		A6618F781C454A0800A4CD48 /* EditContactViewController.h */ = {isa = PBXFileReference; fileEncoding = 4; lastKnownFileType = sourcecode.c.h; path = EditContactViewController.h; sourceTree = "<group>"; };
		A6618F791C454A0800A4CD48 /* EditContactViewController.m */ = {isa = PBXFileReference; fileEncoding = 4; lastKnownFileType = sourcecode.c.objc; path = EditContactViewController.m; sourceTree = "<group>"; };
		A6A9FE041C429E8500D1710C /* 私人通信录.app */ = {isa = PBXFileReference; explicitFileType = wrapper.application; includeInIndex = 0; path = "私人通信录.app"; sourceTree = BUILT_PRODUCTS_DIR; };
		A6A9FE081C429E8500D1710C /* main.m */ = {isa = PBXFileReference; lastKnownFileType = sourcecode.c.objc; path = main.m; sourceTree = "<group>"; };
		A6A9FE0A1C429E8500D1710C /* AppDelegate.h */ = {isa = PBXFileReference; lastKnownFileType = sourcecode.c.h; path = AppDelegate.h; sourceTree = "<group>"; };
		A6A9FE0B1C429E8500D1710C /* AppDelegate.m */ = {isa = PBXFileReference; lastKnownFileType = sourcecode.c.objc; path = AppDelegate.m; sourceTree = "<group>"; };
		A6A9FE0D1C429E8500D1710C /* ViewController.h */ = {isa = PBXFileReference; lastKnownFileType = sourcecode.c.h; path = ViewController.h; sourceTree = "<group>"; };
		A6A9FE0E1C429E8500D1710C /* ViewController.m */ = {isa = PBXFileReference; lastKnownFileType = sourcecode.c.objc; path = ViewController.m; sourceTree = "<group>"; };
		A6A9FE111C429E8500D1710C /* Base */ = {isa = PBXFileReference; lastKnownFileType = file.storyboard; name = Base; path = Base.lproj/Main.storyboard; sourceTree = "<group>"; };
		A6A9FE131C429E8500D1710C /* Assets.xcassets */ = {isa = PBXFileReference; lastKnownFileType = folder.assetcatalog; path = Assets.xcassets; sourceTree = "<group>"; };
		A6A9FE161C429E8500D1710C /* Base */ = {isa = PBXFileReference; lastKnownFileType = file.storyboard; name = Base; path = Base.lproj/LaunchScreen.storyboard; sourceTree = "<group>"; };
		A6A9FE181C429E8500D1710C /* Info.plist */ = {isa = PBXFileReference; lastKnownFileType = text.plist.xml; path = Info.plist; sourceTree = "<group>"; };
		A6A9FE221C42A7C800D1710C /* ContactTableViewController.h */ = {isa = PBXFileReference; fileEncoding = 4; lastKnownFileType = sourcecode.c.h; path = ContactTableViewController.h; sourceTree = "<group>"; };
		A6A9FE231C42A7C800D1710C /* ContactTableViewController.m */ = {isa = PBXFileReference; fileEncoding = 4; lastKnownFileType = sourcecode.c.objc; path = ContactTableViewController.m; sourceTree = "<group>"; };
		A6C09CDD1C43F31400ACA748 /* ContactMode.h */ = {isa = PBXFileReference; fileEncoding = 4; lastKnownFileType = sourcecode.c.h; path = ContactMode.h; sourceTree = "<group>"; };
		A6C09CDE1C43F31400ACA748 /* ContactMode.m */ = {isa = PBXFileReference; fileEncoding = 4; lastKnownFileType = sourcecode.c.objc; path = ContactMode.m; sourceTree = "<group>"; };
		A6C09CE01C43F59A00ACA748 /* AddContactViewController.h */ = {isa = PBXFileReference; fileEncoding = 4; lastKnownFileType = sourcecode.c.h; path = AddContactViewController.h; sourceTree = "<group>"; };
		A6C09CE11C43F59A00ACA748 /* AddContactViewController.m */ = {isa = PBXFileReference; fileEncoding = 4; lastKnownFileType = sourcecode.c.objc; path = AddContactViewController.m; sourceTree = "<group>"; };
/* End PBXFileReference section */

/* Begin PBXFrameworksBuildPhase section */
		A6A9FE011C429E8500D1710C /* Frameworks */ = {
			isa = PBXFrameworksBuildPhase;
			buildActionMask = 2147483647;
			files = (
			);
			runOnlyForDeploymentPostprocessing = 0;
		};
/* End PBXFrameworksBuildPhase section */

/* Begin PBXGroup section */
		A6A9FDFB1C429E8500D1710C = {
			isa = PBXGroup;
			children = (
				A6A9FE061C429E8500D1710C /* 私人通信录 */,
				A6A9FE051C429E8500D1710C /* Products */,
			);
			sourceTree = "<group>";
		};
		A6A9FE051C429E8500D1710C /* Products */ = {
			isa = PBXGroup;
			children = (
				A6A9FE041C429E8500D1710C /* 私人通信录.app */,
			);
			name = Products;
			sourceTree = "<group>";
		};
		A6A9FE061C429E8500D1710C /* 私人通信录 */ = {
			isa = PBXGroup;
			children = (
				A6A9FE1E1C42A76600D1710C /* classes */,
				A6A9FE0A1C429E8500D1710C /* AppDelegate.h */,
				A6A9FE0B1C429E8500D1710C /* AppDelegate.m */,
				A6A9FE0D1C429E8500D1710C /* ViewController.h */,
				A6A9FE0E1C429E8500D1710C /* ViewController.m */,
				A6A9FE101C429E8500D1710C /* Main.storyboard */,
				A6A9FE131C429E8500D1710C /* Assets.xcassets */,
				A6A9FE151C429E8500D1710C /* LaunchScreen.storyboard */,
				A6A9FE181C429E8500D1710C /* Info.plist */,
				A6A9FE071C429E8500D1710C /* Supporting Files */,
			);
			path = "私人通信录";
			sourceTree = "<group>";
		};
		A6A9FE071C429E8500D1710C /* Supporting Files */ = {
			isa = PBXGroup;
			children = (
				A6A9FE081C429E8500D1710C /* main.m */,
			);
			name = "Supporting Files";
			sourceTree = "<group>";
		};
		A6A9FE1E1C42A76600D1710C /* classes */ = {
			isa = PBXGroup;
			children = (
				A6A9FE211C42A77E00D1710C /* view */,
				A6A9FE201C42A77700D1710C /* mode */,
				A6A9FE1F1C42A76F00D1710C /* controller */,
			);
			name = classes;
			sourceTree = "<group>";
		};
		A6A9FE1F1C42A76F00D1710C /* controller */ = {
			isa = PBXGroup;
			children = (
				A6A9FE221C42A7C800D1710C /* ContactTableViewController.h */,
				A6A9FE231C42A7C800D1710C /* ContactTableViewController.m */,
				A6C09CE01C43F59A00ACA748 /* AddContactViewController.h */,
				A6C09CE11C43F59A00ACA748 /* AddContactViewController.m */,
				A6618F781C454A0800A4CD48 /* EditContactViewController.h */,
				A6618F791C454A0800A4CD48 /* EditContactViewController.m */,
			);
			name = controller;
			sourceTree = "<group>";
		};
		A6A9FE201C42A77700D1710C /* mode */ = {
			isa = PBXGroup;
			children = (
				A6C09CDD1C43F31400ACA748 /* ContactMode.h */,
				A6C09CDE1C43F31400ACA748 /* ContactMode.m */,
			);
			name = mode;
			sourceTree = "<group>";
		};
		A6A9FE211C42A77E00D1710C /* view */ = {
			isa = PBXGroup;
			children = (
			);
			name = view;
			sourceTree = "<group>";
		};
/* End PBXGroup section */

/* Begin PBXNativeTarget section */
		A6A9FE031C429E8500D1710C /* 私人通信录 */ = {
			isa = PBXNativeTarget;
			buildConfigurationList = A6A9FE1B1C429E8500D1710C /* Build configuration list for PBXNativeTarget "私人通信录" */;
			buildPhases = (
				A6A9FE001C429E8500D1710C /* Sources */,
				A6A9FE011C429E8500D1710C /* Frameworks */,
				A6A9FE021C429E8500D1710C /* Resources */,
			);
			buildRules = (
			);
			dependencies = (
			);
			name = "私人通信录";
			productName = "私人通信录";
			productReference = A6A9FE041C429E8500D1710C /* 私人通信录.app */;
			productType = "com.apple.product-type.application";
		};
/* End PBXNativeTarget section */

/* Begin PBXProject section */
		A6A9FDFC1C429E8500D1710C /* Project object */ = {
			isa = PBXProject;
			attributes = {
				LastUpgradeCheck = 0720;
				ORGANIZATIONNAME = wbder;
				TargetAttributes = {
					A6A9FE031C429E8500D1710C = {
						CreatedOnToolsVersion = 7.2;
					};
				};
			};
			buildConfigurationList = A6A9FDFF1C429E8500D1710C /* Build configuration list for PBXProject "私人通信录" */;
			compatibilityVersion = "Xcode 3.2";
			developmentRegion = English;
			hasScannedForEncodings = 0;
			knownRegions = (
				en,
				Base,
			);
			mainGroup = A6A9FDFB1C429E8500D1710C;
			productRefGroup = A6A9FE051C429E8500D1710C /* Products */;
			projectDirPath = "";
			projectRoot = "";
			targets = (
				A6A9FE031C429E8500D1710C /* 私人通信录 */,
			);
		};
/* End PBXProject section */

/* Begin PBXResourcesBuildPhase section */
		A6A9FE021C429E8500D1710C /* Resources */ = {
			isa = PBXResourcesBuildPhase;
			buildActionMask = 2147483647;
			files = (
				A6A9FE171C429E8500D1710C /* LaunchScreen.storyboard in Resources */,
				A6A9FE141C429E8500D1710C /* Assets.xcassets in Resources */,
				A6A9FE121C429E8500D1710C /* Main.storyboard in Resources */,
			);
			runOnlyForDeploymentPostprocessing = 0;
		};
/* End PBXResourcesBuildPhase section */

/* Begin PBXSourcesBuildPhase section */
		A6A9FE001C429E8500D1710C /* Sources */ = {
			isa = PBXSourcesBuildPhase;
			buildActionMask = 2147483647;
			files = (
				A6618F7A1C454A0800A4CD48 /* EditContactViewController.m in Sources */,
				A6A9FE0F1C429E8500D1710C /* ViewController.m in Sources */,
				A6C09CE21C43F59A00ACA748 /* AddContactViewController.m in Sources */,
				A6A9FE0C1C429E8500D1710C /* AppDelegate.m in Sources */,
				A6A9FE241C42A7C800D1710C /* ContactTableViewController.m in Sources */,
				A6A9FE091C429E8500D1710C /* main.m in Sources */,
				A6C09CDF1C43F31400ACA748 /* ContactMode.m in Sources */,
			);
			runOnlyForDeploymentPostprocessing = 0;
		};
/* End PBXSourcesBuildPhase section */

/* Begin PBXVariantGroup section */
		A6A9FE101C429E8500D1710C /* Main.storyboard */ = {
			isa = PBXVariantGroup;
			children = (
				A6A9FE111C429E8500D1710C /* Base */,
			);
			name = Main.storyboard;
			sourceTree = "<group>";
		};
		A6A9FE151C429E8500D1710C /* LaunchScreen.storyboard */ = {
			isa = PBXVariantGroup;
			children = (
				A6A9FE161C429E8500D1710C /* Base */,
			);
			name = LaunchScreen.storyboard;
			sourceTree = "<group>";
		};
/* End PBXVariantGroup section */

/* Begin XCBuildConfiguration section */
		A6A9FE191C429E8500D1710C /* Debug */ = {
			isa = XCBuildConfiguration;
			buildSettings = {
				ALWAYS_SEARCH_USER_PATHS = NO;
				CLANG_CXX_LANGUAGE_STANDARD = "gnu++0x";
				CLANG_CXX_LIBRARY = "libc++";
				CLANG_ENABLE_MODULES = YES;
				CLANG_ENABLE_OBJC_ARC = YES;
				CLANG_WARN_BOOL_CONVERSION = YES;
				CLANG_WARN_CONSTANT_CONVERSION = YES;
				CLANG_WARN_DIRECT_OBJC_ISA_USAGE = YES_ERROR;
				CLANG_WARN_EMPTY_BODY = YES;
				CLANG_WARN_ENUM_CONVERSION = YES;
				CLANG_WARN_INT_CONVERSION = YES;
				CLANG_WARN_OBJC_ROOT_CLASS = YES_ERROR;
				CLANG_WARN_UNREACHABLE_CODE = YES;
				CLANG_WARN__DUPLICATE_METHOD_MATCH = YES;
				"CODE_SIGN_IDENTITY[sdk=iphoneos*]" = "iPhone Developer";
				COPY_PHASE_STRIP = NO;
				DEBUG_INFORMATION_FORMAT = dwarf;
				ENABLE_STRICT_OBJC_MSGSEND = YES;
				ENABLE_TESTABILITY = YES;
				GCC_C_LANGUAGE_STANDARD = gnu99;
				GCC_DYNAMIC_NO_PIC = NO;
				GCC_NO_COMMON_BLOCKS = YES;
				GCC_OPTIMIZATION_LEVEL = 0;
				GCC_PREPROCESSOR_DEFINITIONS = (
					"DEBUG=1",
					"$(inherited)",
				);
				GCC_WARN_64_TO_32_BIT_CONVERSION = YES;
				GCC_WARN_ABOUT_RETURN_TYPE = YES_ERROR;
				GCC_WARN_UNDECLARED_SELECTOR = YES;
				GCC_WARN_UNINITIALIZED_AUTOS = YES_AGGRESSIVE;
				GCC_WARN_UNUSED_FUNCTION = YES;
				GCC_WARN_UNUSED_VARIABLE = YES;
				IPHONEOS_DEPLOYMENT_TARGET = 9.2;
				MTL_ENABLE_DEBUG_INFO = YES;
				ONLY_ACTIVE_ARCH = YES;
				SDKROOT = iphoneos;
			};
			name = Debug;
		};
		A6A9FE1A1C429E8500D1710C /* Release */ = {
			isa = XCBuildConfiguration;
			buildSettings = {
				ALWAYS_SEARCH_USER_PATHS = NO;
				CLANG_CXX_LANGUAGE_STANDARD = "gnu++0x";
				CLANG_CXX_LIBRARY = "libc++";
				CLANG_ENABLE_MODULES = YES;
				CLANG_ENABLE_OBJC_ARC = YES;
				CLANG_WARN_BOOL_CONVERSION = YES;
				CLANG_WARN_CONSTANT_CONVERSION = YES;
				CLANG_WARN_DIRECT_OBJC_ISA_USAGE = YES_ERROR;
				CLANG_WARN_EMPTY_BODY = YES;
				CLANG_WARN_ENUM_CONVERSION = YES;
				CLANG_WARN_INT_CONVERSION = YES;
				CLANG_WARN_OBJC_ROOT_CLASS = YES_ERROR;
				CLANG_WARN_UNREACHABLE_CODE = YES;
				CLANG_WARN__DUPLICATE_METHOD_MATCH = YES;
				"CODE_SIGN_IDENTITY[sdk=iphoneos*]" = "iPhone Developer";
				COPY_PHASE_STRIP = NO;
				DEBUG_INFORMATION_FORMAT = "dwarf-with-dsym";
				ENABLE_NS_ASSERTIONS = NO;
				ENABLE_STRICT_OBJC_MSGSEND = YES;
				GCC_C_LANGUAGE_STANDARD = gnu99;
				GCC_NO_COMMON_BLOCKS = YES;
				GCC_WARN_64_TO_32_BIT_CONVERSION = YES;
				GCC_WARN_ABOUT_RETURN_TYPE = YES_ERROR;
				GCC_WARN_UNDECLARED_SELECTOR = YES;
				GCC_WARN_UNINITIALIZED_AUTOS = YES_AGGRESSIVE;
				GCC_WARN_UNUSED_FUNCTION = YES;
				GCC_WARN_UNUSED_VARIABLE = YES;
				IPHONEOS_DEPLOYMENT_TARGET = 9.2;
				MTL_ENABLE_DEBUG_INFO = NO;
				SDKROOT = iphoneos;
				VALIDATE_PRODUCT = YES;
			};
			name = Release;
		};
		A6A9FE1C1C429E8500D1710C /* Debug */ = {
			isa = XCBuildConfiguration;
			buildSettings = {
				ASSETCATALOG_COMPILER_APPICON_NAME = AppIcon;
				INFOPLIST_FILE = "私人通信录/Info.plist";
				LD_RUNPATH_SEARCH_PATHS = "$(inherited) @executable_path/Frameworks";
				PRODUCT_BUNDLE_IDENTIFIER = "techbridge-inc.com.-----";
				PRODUCT_NAME = "$(TARGET_NAME)";
			};
			name = Debug;
		};
		A6A9FE1D1C429E8500D1710C /* Release */ = {
			isa = XCBuildConfiguration;
			buildSettings = {
				ASSETCATALOG_COMPILER_APPICON_NAME = AppIcon;
				INFOPLIST_FILE = "私人通信录/Info.plist";
				LD_RUNPATH_SEARCH_PATHS = "$(inherited) @executable_path/Frameworks";
				PRODUCT_BUNDLE_IDENTIFIER = "techbridge-inc.com.-----";
				PRODUCT_NAME = "$(TARGET_NAME)";
			};
			name = Release;
		};
/* End XCBuildConfiguration section */

/* Begin XCConfigurationList section */
		A6A9FDFF1C429E8500D1710C /* Build configuration list for PBXProject "私人通信录" */ = {
			isa = XCConfigurationList;
			buildConfigurations = (
				A6A9FE191C429E8500D1710C /* Debug */,
				A6A9FE1A1C429E8500D1710C /* Release */,
			);
			defaultConfigurationIsVisible = 0;
			defaultConfigurationName = Release;
		};
		A6A9FE1B1C429E8500D1710C /* Build configuration list for PBXNativeTarget "私人通信录" */ = {
			isa = XCConfigurationList;
			buildConfigurations = (
				A6A9FE1C1C429E8500D1710C /* Debug */,
				A6A9FE1D1C429E8500D1710C /* Release */,
			);
			defaultConfigurationIsVisible = 0;
			defaultConfigurationName = Release;
		};
/* End XCConfigurationList section */
	};
	rootObject = A6A9FDFC1C429E8500D1710C /* Project object */;
}
